
Microsoft Visual Studio Solution File, Format Version 12.00
# Visual Studio Version 17
VisualStudioVersion = 17.5.33516.290
MinimumVisualStudioVersion = 10.0.40219.1
Project("{FAE04EC0-301F-11D3-BF4B-00C04F79EFBC}") = "LCGtask4", "LCGtask4\LCGtask4.csproj", "{F4AE1B84-26F9-4AF6-8899-515FAAE1CA2B}"
EndProject
Global
	GlobalSection(SolutionConfigurationPlatforms) = preSolution
		Debug|Any CPU = Debug|Any CPU
		Release|Any CPU = Release|Any CPU
	EndGlobalSection
	GlobalSection(ProjectConfigurationPlatforms) = postSolution
		{F4AE1B84-26F9-4AF6-8899-515FAAE1CA2B}.Debug|Any CPU.ActiveCfg = Debug|Any CPU
		{F4AE1B84-26F9-4AF6-8899-515FAAE1CA2B}.Debug|Any CPU.Build.0 = Debug|Any CPU
		{F4AE1B84-26F9-4AF6-8899-515FAAE1CA2B}.Release|Any CPU.ActiveCfg = Release|Any CPU
		{F4AE1B84-26F9-4AF6-8899-515FAAE1CA2B}.Release|Any CPU.Build.0 = Release|Any CPU
	EndGlobalSection
	GlobalSection(SolutionProperties) = preSolution
		HideSolutionNode = FALSE
	EndGlobalSection
	GlobalSection(ExtensibilityGlobals) = postSolution
		SolutionGuid = {DA08A99E-59E9-4933-A1B7-DCAC4A989A11}
	EndGlobalSection
EndGlobal
